
Microsoft Visual Studio Solution File, Format Version 12.00
# Visual Studio Version 16
VisualStudioVersion = 16.0.30114.105
MinimumVisualStudioVersion = 10.0.40219.1
Project("{2150E333-8FDC-42A3-9474-1A3956D46DE8}") = "src", "src", "{8BF25D6F-A9AA-48DC-BFC9-7910CE35BA24}"
EndProject
Project("{FAE04EC0-301F-11D3-BF4B-00C04F79EFBC}") = "TicketType.Microservice.Template", "src\TicketType.Microservice.Template\TicketType.Microservice.Template.csproj", "{79D15887-A1D1-4FDD-A068-3025F9F042D2}"
EndProject
Project("{2150E333-8FDC-42A3-9474-1A3956D46DE8}") = "tests", "tests", "{E68D2A2B-C521-4CC9-8DEE-B6831EB42951}"
EndProject
Project("{FAE04EC0-301F-11D3-BF4B-00C04F79EFBC}") = "TicketType.Microservice.Template.UnitTests", "tests\TicketType.Microservice.Template.UnitTests\TicketType.Microservice.Template.UnitTests.csproj", "{30DF0051-A1C3-40F5-B14F-35E3E8046742}"
EndProject
Global
	GlobalSection(SolutionConfigurationPlatforms) = preSolution
		Debug|Any CPU = Debug|Any CPU
		Debug|x64 = Debug|x64
		Debug|x86 = Debug|x86
		Release|Any CPU = Release|Any CPU
		Release|x64 = Release|x64
		Release|x86 = Release|x86
	EndGlobalSection
	GlobalSection(SolutionProperties) = preSolution
		HideSolutionNode = FALSE
	EndGlobalSection
	GlobalSection(ProjectConfigurationPlatforms) = postSolution
		{79D15887-A1D1-4FDD-A068-3025F9F042D2}.Debug|Any CPU.ActiveCfg = Debug|Any CPU
		{79D15887-A1D1-4FDD-A068-3025F9F042D2}.Debug|Any CPU.Build.0 = Debug|Any CPU
		{79D15887-A1D1-4FDD-A068-3025F9F042D2}.Debug|x64.ActiveCfg = Debug|Any CPU
		{79D15887-A1D1-4FDD-A068-3025F9F042D2}.Debug|x64.Build.0 = Debug|Any CPU
		{79D15887-A1D1-4FDD-A068-3025F9F042D2}.Debug|x86.ActiveCfg = Debug|Any CPU
		{79D15887-A1D1-4FDD-A068-3025F9F042D2}.Debug|x86.Build.0 = Debug|Any CPU
		{79D15887-A1D1-4FDD-A068-3025F9F042D2}.Release|Any CPU.ActiveCfg = Release|Any CPU
		{79D15887-A1D1-4FDD-A068-3025F9F042D2}.Release|Any CPU.Build.0 = Release|Any CPU
		{79D15887-A1D1-4FDD-A068-3025F9F042D2}.Release|x64.ActiveCfg = Release|Any CPU
		{79D15887-A1D1-4FDD-A068-3025F9F042D2}.Release|x64.Build.0 = Release|Any CPU
		{79D15887-A1D1-4FDD-A068-3025F9F042D2}.Release|x86.ActiveCfg = Release|Any CPU
		{79D15887-A1D1-4FDD-A068-3025F9F042D2}.Release|x86.Build.0 = Release|Any CPU
		{30DF0051-A1C3-40F5-B14F-35E3E8046742}.Debug|Any CPU.ActiveCfg = Debug|Any CPU
		{30DF0051-A1C3-40F5-B14F-35E3E8046742}.Debug|Any CPU.Build.0 = Debug|Any CPU
		{30DF0051-A1C3-40F5-B14F-35E3E8046742}.Debug|x64.ActiveCfg = Debug|Any CPU
		{30DF0051-A1C3-40F5-B14F-35E3E8046742}.Debug|x64.Build.0 = Debug|Any CPU
		{30DF0051-A1C3-40F5-B14F-35E3E8046742}.Debug|x86.ActiveCfg = Debug|Any CPU
		{30DF0051-A1C3-40F5-B14F-35E3E8046742}.Debug|x86.Build.0 = Debug|Any CPU
		{30DF0051-A1C3-40F5-B14F-35E3E8046742}.Release|Any CPU.ActiveCfg = Release|Any CPU
		{30DF0051-A1C3-40F5-B14F-35E3E8046742}.Release|Any CPU.Build.0 = Release|Any CPU
		{30DF0051-A1C3-40F5-B14F-35E3E8046742}.Release|x64.ActiveCfg = Release|Any CPU
		{30DF0051-A1C3-40F5-B14F-35E3E8046742}.Release|x64.Build.0 = Release|Any CPU
		{30DF0051-A1C3-40F5-B14F-35E3E8046742}.Release|x86.ActiveCfg = Release|Any CPU
		{30DF0051-A1C3-40F5-B14F-35E3E8046742}.Release|x86.Build.0 = Release|Any CPU
	EndGlobalSection
	GlobalSection(NestedProjects) = preSolution
		{79D15887-A1D1-4FDD-A068-3025F9F042D2} = {8BF25D6F-A9AA-48DC-BFC9-7910CE35BA24}
		{30DF0051-A1C3-40F5-B14F-35E3E8046742} = {E68D2A2B-C521-4CC9-8DEE-B6831EB42951}
	EndGlobalSection
EndGlobal
